<Solution>
  <Folder Name="/src/">
    <Project Path="src/GamerGod.Cli/GamerGod.Cli.csproj" />
    <Project Path="src/GamerGod.Core/GamerGod.Core.csproj" />
    <Project Path="src/GamerGod.Windows/GamerGod.Windows.csproj" />
  </Folder>
  <Folder Name="/tests/">
    <Project Path="tests/GamerGod.Core.Tests/GamerGod.Core.Tests.csproj" />
  </Folder>
</Solution>
