<Solution>
  <Folder Name="/src/">
    <Project Path="src/GodMode.Cli/GodMode.Cli.csproj" />
    <Project Path="src/GodMode.Core/GodMode.Core.csproj" />
    <Project Path="src/GodMode.Windows/GodMode.Windows.csproj" />
  </Folder>
  <Folder Name="/tests/">
    <Project Path="tests/GodMode.Core.Tests/GodMode.Core.Tests.csproj" />
  </Folder>
</Solution>
